
Microsoft Visual Studio Solution File, Format Version 12.00
# Visual Studio Version 16
VisualStudioVersion = 16.0.29102.190
MinimumVisualStudioVersion = 10.0.40219.1
Project("{FAE04EC0-301F-11D3-BF4B-00C04F79EFBC}") = "LocacaoGaragens", "LocacaoGaragens.csproj", "{7C24EC05-463A-4312-992B-0A3FD11C784F}"
EndProject
Global
	GlobalSection(SolutionConfigurationPlatforms) = preSolution
		Debug|Any CPU = Debug|Any CPU
		Release|Any CPU = Release|Any CPU
	EndGlobalSection
	GlobalSection(ProjectConfigurationPlatforms) = postSolution
		{7C24EC05-463A-4312-992B-0A3FD11C784F}.Debug|Any CPU.ActiveCfg = Debug|Any CPU
		{7C24EC05-463A-4312-992B-0A3FD11C784F}.Debug|Any CPU.Build.0 = Debug|Any CPU
		{7C24EC05-463A-4312-992B-0A3FD11C784F}.Release|Any CPU.ActiveCfg = Release|Any CPU
		{7C24EC05-463A-4312-992B-0A3FD11C784F}.Release|Any CPU.Build.0 = Release|Any CPU
	EndGlobalSection
	GlobalSection(SolutionProperties) = preSolution
		HideSolutionNode = FALSE
	EndGlobalSection
	GlobalSection(ExtensibilityGlobals) = postSolution
		SolutionGuid = {227B603B-1544-49E9-84CC-3E4596F2F105}
	EndGlobalSection
EndGlobal
